
Microsoft Visual Studio Solution File, Format Version 12.00
# Visual Studio Version 17
VisualStudioVersion = 17.5.002.0
MinimumVisualStudioVersion = 10.0.40219.1
Project("{9A19103F-16F7-4668-BE54-9A1E7A4F7556}") = "functions", "functions.csproj", "{2169C0FF-A399-4DB8-97BF-D1EFC263DF14}"
EndProject
Project("{FAE04EC0-301F-11D3-BF4B-00C04F79EFBC}") = "unit-tests", "..\tests\unit-tests\unit-tests.csproj", "{A730C6AB-C0B0-4162-8150-CC20A5EB7497}"
EndProject
Global
	GlobalSection(SolutionConfigurationPlatforms) = preSolution
		Debug|Any CPU = Debug|Any CPU
		Release|Any CPU = Release|Any CPU
	EndGlobalSection
	GlobalSection(ProjectConfigurationPlatforms) = postSolution
		{2169C0FF-A399-4DB8-97BF-D1EFC263DF14}.Debug|Any CPU.ActiveCfg = Debug|Any CPU
		{2169C0FF-A399-4DB8-97BF-D1EFC263DF14}.Debug|Any CPU.Build.0 = Debug|Any CPU
		{2169C0FF-A399-4DB8-97BF-D1EFC263DF14}.Release|Any CPU.ActiveCfg = Release|Any CPU
		{2169C0FF-A399-4DB8-97BF-D1EFC263DF14}.Release|Any CPU.Build.0 = Release|Any CPU
		{F1F7DBB4-A1DC-4B46-B0B4-45B359A73E0F}.Debug|Any CPU.ActiveCfg = Debug|Any CPU
		{F1F7DBB4-A1DC-4B46-B0B4-45B359A73E0F}.Debug|Any CPU.Build.0 = Debug|Any CPU
		{F1F7DBB4-A1DC-4B46-B0B4-45B359A73E0F}.Release|Any CPU.ActiveCfg = Release|Any CPU
		{F1F7DBB4-A1DC-4B46-B0B4-45B359A73E0F}.Release|Any CPU.Build.0 = Release|Any CPU
		{03222A3A-CA00-48C9-BD35-C18F9EB4EFC6}.Debug|Any CPU.ActiveCfg = Debug|Any CPU
		{03222A3A-CA00-48C9-BD35-C18F9EB4EFC6}.Debug|Any CPU.Build.0 = Debug|Any CPU
		{03222A3A-CA00-48C9-BD35-C18F9EB4EFC6}.Release|Any CPU.ActiveCfg = Release|Any CPU
		{03222A3A-CA00-48C9-BD35-C18F9EB4EFC6}.Release|Any CPU.Build.0 = Release|Any CPU
		{5471F5B4-D7A9-4D80-A665-5A1188932FC4}.Debug|Any CPU.ActiveCfg = Debug|Any CPU
		{5471F5B4-D7A9-4D80-A665-5A1188932FC4}.Debug|Any CPU.Build.0 = Debug|Any CPU
		{5471F5B4-D7A9-4D80-A665-5A1188932FC4}.Release|Any CPU.ActiveCfg = Release|Any CPU
		{5471F5B4-D7A9-4D80-A665-5A1188932FC4}.Release|Any CPU.Build.0 = Release|Any CPU
		{A730C6AB-C0B0-4162-8150-CC20A5EB7497}.Debug|Any CPU.ActiveCfg = Debug|Any CPU
		{A730C6AB-C0B0-4162-8150-CC20A5EB7497}.Debug|Any CPU.Build.0 = Debug|Any CPU
		{A730C6AB-C0B0-4162-8150-CC20A5EB7497}.Release|Any CPU.ActiveCfg = Release|Any CPU
		{A730C6AB-C0B0-4162-8150-CC20A5EB7497}.Release|Any CPU.Build.0 = Release|Any CPU
	EndGlobalSection
	GlobalSection(SolutionProperties) = preSolution
		HideSolutionNode = FALSE
	EndGlobalSection
	GlobalSection(ExtensibilityGlobals) = postSolution
		SolutionGuid = {EF510C30-CE15-4EA3-827C-CFBBC9612FE1}
	EndGlobalSection
EndGlobal
